// !$*UTF8*$!
{
	archiveVersion = 1;
	classes = {
	};
	objectVersion = 48;
	objects = {

/* Begin PBXBuildFile section */
		521B50561FAA1D13001EFC52 /* AppDelegate.swift in Sources */ = {isa = PBXBuildFile; fileRef = 521B50551FAA1D13001EFC52 /* AppDelegate.swift */; };
		521B50581FAA1D13001EFC52 /* ViewController.swift in Sources */ = {isa = PBXBuildFile; fileRef = 521B50571FAA1D13001EFC52 /* ViewController.swift */; };
		521B505B1FAA1D13001EFC52 /* Main.storyboard in Resources */ = {isa = PBXBuildFile; fileRef = 521B50591FAA1D13001EFC52 /* Main.storyboard */; };
		521B505D1FAA1D13001EFC52 /* Assets.xcassets in Resources */ = {isa = PBXBuildFile; fileRef = 521B505C1FAA1D13001EFC52 /* Assets.xcassets */; };
		521B50601FAA1D13001EFC52 /* LaunchScreen.storyboard in Resources */ = {isa = PBXBuildFile; fileRef = 521B505E1FAA1D13001EFC52 /* LaunchScreen.storyboard */; };
/* End PBXBuildFile section */

/* Begin PBXFileReference section */
		521B50521FAA1D13001EFC52 /* AnnotationOnAMap.app */ = {isa = PBXFileReference; explicitFileType = wrapper.application; includeInIndex = 0; path = AnnotationOnAMap.app; sourceTree = BUILT_PRODUCTS_DIR; };
		521B50551FAA1D13001EFC52 /* AppDelegate.swift */ = {isa = PBXFileReference; lastKnownFileType = sourcecode.swift; path = AppDelegate.swift; sourceTree = "<group>"; };
		521B50571FAA1D13001EFC52 /* ViewController.swift */ = {isa = PBXFileReference; lastKnownFileType = sourcecode.swift; path = ViewController.swift; sourceTree = "<group>"; };
		521B505A1FAA1D13001EFC52 /* Base */ = {isa = PBXFileReference; lastKnownFileType = file.storyboard; name = Base; path = Base.lproj/Main.storyboard; sourceTree = "<group>"; };
		521B505C1FAA1D13001EFC52 /* Assets.xcassets */ = {isa = PBXFileReference; lastKnownFileType = folder.assetcatalog; path = Assets.xcassets; sourceTree = "<group>"; };
		521B505F1FAA1D13001EFC52 /* Base */ = {isa = PBXFileReference; lastKnownFileType = file.storyboard; name = Base; path = Base.lproj/LaunchScreen.storyboard; sourceTree = "<group>"; };
		521B50611FAA1D13001EFC52 /* Info.plist */ = {isa = PBXFileReference; lastKnownFileType = text.plist.xml; path = Info.plist; sourceTree = "<group>"; };
/* End PBXFileReference section */

/* Begin PBXFrameworksBuildPhase section */
		521B504F1FAA1D13001EFC52 /* Frameworks */ = {
			isa = PBXFrameworksBuildPhase;
			buildActionMask = 2147483647;
			files = (
			);
			runOnlyForDeploymentPostprocessing = 0;
		};
/* End PBXFrameworksBuildPhase section */

/* Begin PBXGroup section */
		521B50491FAA1D13001EFC52 = {
			isa = PBXGroup;
			children = (
				521B50541FAA1D13001EFC52 /* AnnotationOnAMap */,
				521B50531FAA1D13001EFC52 /* Products */,
			);
			sourceTree = "<group>";
		};
		521B50531FAA1D13001EFC52 /* Products */ = {
			isa = PBXGroup;
			children = (
				521B50521FAA1D13001EFC52 /* AnnotationOnAMap.app */,
			);
			name = Products;
			sourceTree = "<group>";
		};
		521B50541FAA1D13001EFC52 /* AnnotationOnAMap */ = {
			isa = PBXGroup;
			children = (
				528E631B1FAA20AD00F5C31A /* Storyboards */,
				528E631A1FAA1EE000F5C31A /* Supporting files */,
				521B50571FAA1D13001EFC52 /* ViewController.swift */,
				521B50611FAA1D13001EFC52 /* Info.plist */,
			);
			path = AnnotationOnAMap;
			sourceTree = "<group>";
		};
		528E631A1FAA1EE000F5C31A /* Supporting files */ = {
			isa = PBXGroup;
			children = (
				521B50551FAA1D13001EFC52 /* AppDelegate.swift */,
				521B505C1FAA1D13001EFC52 /* Assets.xcassets */,
				521B505E1FAA1D13001EFC52 /* LaunchScreen.storyboard */,
			);
			path = "Supporting files";
			sourceTree = "<group>";
		};
		528E631B1FAA20AD00F5C31A /* Storyboards */ = {
			isa = PBXGroup;
			children = (
				521B50591FAA1D13001EFC52 /* Main.storyboard */,
			);
			path = Storyboards;
			sourceTree = "<group>";
		};
/* End PBXGroup section */

/* Begin PBXNativeTarget section */
		521B50511FAA1D13001EFC52 /* AnnotationOnAMap */ = {
			isa = PBXNativeTarget;
			buildConfigurationList = 521B50641FAA1D13001EFC52 /* Build configuration list for PBXNativeTarget "AnnotationOnAMap" */;
			buildPhases = (
				521B504E1FAA1D13001EFC52 /* Sources */,
				521B504F1FAA1D13001EFC52 /* Frameworks */,
				521B50501FAA1D13001EFC52 /* Resources */,
			);
			buildRules = (
			);
			dependencies = (
			);
			name = AnnotationOnAMap;
			productName = AnnotationOnAMap;
			productReference = 521B50521FAA1D13001EFC52 /* AnnotationOnAMap.app */;
			productType = "com.apple.product-type.application";
		};
/* End PBXNativeTarget section */

/* Begin PBXProject section */
		521B504A1FAA1D13001EFC52 /* Project object */ = {
			isa = PBXProject;
			attributes = {
				LastSwiftUpdateCheck = 0910;
				LastUpgradeCheck = 0910;
				ORGANIZATIONNAME = John;
				TargetAttributes = {
					521B50511FAA1D13001EFC52 = {
						CreatedOnToolsVersion = 9.1;
						ProvisioningStyle = Automatic;
					};
				};
			};
			buildConfigurationList = 521B504D1FAA1D13001EFC52 /* Build configuration list for PBXProject "AnnotationOnAMap" */;
			compatibilityVersion = "Xcode 8.0";
			developmentRegion = en;
			hasScannedForEncodings = 0;
			knownRegions = (
				en,
				Base,
			);
			mainGroup = 521B50491FAA1D13001EFC52;
			productRefGroup = 521B50531FAA1D13001EFC52 /* Products */;
			projectDirPath = "";
			projectRoot = "";
			targets = (
				521B50511FAA1D13001EFC52 /* AnnotationOnAMap */,
			);
		};
/* End PBXProject section */

/* Begin PBXResourcesBuildPhase section */
		521B50501FAA1D13001EFC52 /* Resources */ = {
			isa = PBXResourcesBuildPhase;
			buildActionMask = 2147483647;
			files = (
				521B50601FAA1D13001EFC52 /* LaunchScreen.storyboard in Resources */,
				521B505D1FAA1D13001EFC52 /* Assets.xcassets in Resources */,
				521B505B1FAA1D13001EFC52 /* Main.storyboard in Resources */,
			);
			runOnlyForDeploymentPostprocessing = 0;
		};
/* End PBXResourcesBuildPhase section */

/* Begin PBXSourcesBuildPhase section */
		521B504E1FAA1D13001EFC52 /* Sources */ = {
			isa = PBXSourcesBuildPhase;
			buildActionMask = 2147483647;
			files = (
				521B50581FAA1D13001EFC52 /* ViewController.swift in Sources */,
				521B50561FAA1D13001EFC52 /* AppDelegate.swift in Sources */,
			);
			runOnlyForDeploymentPostprocessing = 0;
		};
/* End PBXSourcesBuildPhase section */

/* Begin PBXVariantGroup section */
		521B50591FAA1D13001EFC52 /* Main.storyboard */ = {
			isa = PBXVariantGroup;
			children = (
				521B505A1FAA1D13001EFC52 /* Base */,
			);
			name = Main.storyboard;
			sourceTree = "<group>";
		};
		521B505E1FAA1D13001EFC52 /* LaunchScreen.storyboard */ = {
			isa = PBXVariantGroup;
			children = (
				521B505F1FAA1D13001EFC52 /* Base */,
			);
			name = LaunchScreen.storyboard;
			sourceTree = "<group>";
		};
/* End PBXVariantGroup section */

/* Begin XCBuildConfiguration section */
		521B50621FAA1D13001EFC52 /* Debug */ = {
			isa = XCBuildConfiguration;
			buildSettings = {
				ALWAYS_SEARCH_USER_PATHS = NO;
				CLANG_ANALYZER_NONNULL = YES;
				CLANG_ANALYZER_NUMBER_OBJECT_CONVERSION = YES_AGGRESSIVE;
				CLANG_CXX_LANGUAGE_STANDARD = "gnu++14";
				CLANG_CXX_LIBRARY = "libc++";
				CLANG_ENABLE_MODULES = YES;
				CLANG_ENABLE_OBJC_ARC = YES;
				CLANG_WARN_BLOCK_CAPTURE_AUTORELEASING = YES;
				CLANG_WARN_BOOL_CONVERSION = YES;
				CLANG_WARN_COMMA = YES;
				CLANG_WARN_CONSTANT_CONVERSION = YES;
				CLANG_WARN_DIRECT_OBJC_ISA_USAGE = YES_ERROR;
				CLANG_WARN_DOCUMENTATION_COMMENTS = YES;
				CLANG_WARN_EMPTY_BODY = YES;
				CLANG_WARN_ENUM_CONVERSION = YES;
				CLANG_WARN_INFINITE_RECURSION = YES;
				CLANG_WARN_INT_CONVERSION = YES;
				CLANG_WARN_NON_LITERAL_NULL_CONVERSION = YES;
				CLANG_WARN_OBJC_LITERAL_CONVERSION = YES;
				CLANG_WARN_OBJC_ROOT_CLASS = YES_ERROR;
				CLANG_WARN_RANGE_LOOP_ANALYSIS = YES;
				CLANG_WARN_STRICT_PROTOTYPES = YES;
				CLANG_WARN_SUSPICIOUS_MOVE = YES;
				CLANG_WARN_UNGUARDED_AVAILABILITY = YES_AGGRESSIVE;
				CLANG_WARN_UNREACHABLE_CODE = YES;
				CLANG_WARN__DUPLICATE_METHOD_MATCH = YES;
				CODE_SIGN_IDENTITY = "iPhone Developer";
				COPY_PHASE_STRIP = NO;
				DEBUG_INFORMATION_FORMAT = dwarf;
				ENABLE_STRICT_OBJC_MSGSEND = YES;
				ENABLE_TESTABILITY = YES;
				GCC_C_LANGUAGE_STANDARD = gnu11;
				GCC_DYNAMIC_NO_PIC = NO;
				GCC_NO_COMMON_BLOCKS = YES;
				GCC_OPTIMIZATION_LEVEL = 0;
				GCC_PREPROCESSOR_DEFINITIONS = (
					"DEBUG=1",
					"$(inherited)",
				);
				GCC_WARN_64_TO_32_BIT_CONVERSION = YES;
				GCC_WARN_ABOUT_RETURN_TYPE = YES_ERROR;
				GCC_WARN_UNDECLARED_SELECTOR = YES;
				GCC_WARN_UNINITIALIZED_AUTOS = YES_AGGRESSIVE;
				GCC_WARN_UNUSED_FUNCTION = YES;
				GCC_WARN_UNUSED_VARIABLE = YES;
				IPHONEOS_DEPLOYMENT_TARGET = 11.1;
				MTL_ENABLE_DEBUG_INFO = YES;
				ONLY_ACTIVE_ARCH = YES;
				SDKROOT = iphoneos;
				SWIFT_ACTIVE_COMPILATION_CONDITIONS = DEBUG;
				SWIFT_OPTIMIZATION_LEVEL = "-Onone";
			};
			name = Debug;
		};
		521B50631FAA1D13001EFC52 /* Release */ = {
			isa = XCBuildConfiguration;
			buildSettings = {
				ALWAYS_SEARCH_USER_PATHS = NO;
				CLANG_ANALYZER_NONNULL = YES;
				CLANG_ANALYZER_NUMBER_OBJECT_CONVERSION = YES_AGGRESSIVE;
				CLANG_CXX_LANGUAGE_STANDARD = "gnu++14";
				CLANG_CXX_LIBRARY = "libc++";
				CLANG_ENABLE_MODULES = YES;
				CLANG_ENABLE_OBJC_ARC = YES;
				CLANG_WARN_BLOCK_CAPTURE_AUTORELEASING = YES;
				CLANG_WARN_BOOL_CONVERSION = YES;
				CLANG_WARN_COMMA = YES;
				CLANG_WARN_CONSTANT_CONVERSION = YES;
				CLANG_WARN_DIRECT_OBJC_ISA_USAGE = YES_ERROR;
				CLANG_WARN_DOCUMENTATION_COMMENTS = YES;
				CLANG_WARN_EMPTY_BODY = YES;
				CLANG_WARN_ENUM_CONVERSION = YES;
				CLANG_WARN_INFINITE_RECURSION = YES;
				CLANG_WARN_INT_CONVERSION = YES;
				CLANG_WARN_NON_LITERAL_NULL_CONVERSION = YES;
				CLANG_WARN_OBJC_LITERAL_CONVERSION = YES;
				CLANG_WARN_OBJC_ROOT_CLASS = YES_ERROR;
				CLANG_WARN_RANGE_LOOP_ANALYSIS = YES;
				CLANG_WARN_STRICT_PROTOTYPES = YES;
				CLANG_WARN_SUSPICIOUS_MOVE = YES;
				CLANG_WARN_UNGUARDED_AVAILABILITY = YES_AGGRESSIVE;
				CLANG_WARN_UNREACHABLE_CODE = YES;
				CLANG_WARN__DUPLICATE_METHOD_MATCH = YES;
				CODE_SIGN_IDENTITY = "iPhone Developer";
				COPY_PHASE_STRIP = NO;
				DEBUG_INFORMATION_FORMAT = "dwarf-with-dsym";
				ENABLE_NS_ASSERTIONS = NO;
				ENABLE_STRICT_OBJC_MSGSEND = YES;
				GCC_C_LANGUAGE_STANDARD = gnu11;
				GCC_NO_COMMON_BLOCKS = YES;
				GCC_WARN_64_TO_32_BIT_CONVERSION = YES;
				GCC_WARN_ABOUT_RETURN_TYPE = YES_ERROR;
				GCC_WARN_UNDECLARED_SELECTOR = YES;
				GCC_WARN_UNINITIALIZED_AUTOS = YES_AGGRESSIVE;
				GCC_WARN_UNUSED_FUNCTION = YES;
				GCC_WARN_UNUSED_VARIABLE = YES;
				IPHONEOS_DEPLOYMENT_TARGET = 11.1;
				MTL_ENABLE_DEBUG_INFO = NO;
				SDKROOT = iphoneos;
				SWIFT_OPTIMIZATION_LEVEL = "-Owholemodule";
				VALIDATE_PRODUCT = YES;
			};
			name = Release;
		};
		521B50651FAA1D13001EFC52 /* Debug */ = {
			isa = XCBuildConfiguration;
			buildSettings = {
				ASSETCATALOG_COMPILER_APPICON_NAME = AppIcon;
				CODE_SIGN_STYLE = Automatic;
				DEVELOPMENT_TEAM = DJ7KXY394U;
				INFOPLIST_FILE = AnnotationOnAMap/Info.plist;
				LD_RUNPATH_SEARCH_PATHS = "$(inherited) @executable_path/Frameworks";
				PRODUCT_BUNDLE_IDENTIFIER = com.John.AnnotationOnAMap;
				PRODUCT_NAME = "$(TARGET_NAME)";
				SWIFT_VERSION = 4.0;
				TARGETED_DEVICE_FAMILY = "1,2";
			};
			name = Debug;
		};
		521B50661FAA1D13001EFC52 /* Release */ = {
			isa = XCBuildConfiguration;
			buildSettings = {
				ASSETCATALOG_COMPILER_APPICON_NAME = AppIcon;
				CODE_SIGN_STYLE = Automatic;
				DEVELOPMENT_TEAM = DJ7KXY394U;
				INFOPLIST_FILE = AnnotationOnAMap/Info.plist;
				LD_RUNPATH_SEARCH_PATHS = "$(inherited) @executable_path/Frameworks";
				PRODUCT_BUNDLE_IDENTIFIER = com.John.AnnotationOnAMap;
				PRODUCT_NAME = "$(TARGET_NAME)";
				SWIFT_VERSION = 4.0;
				TARGETED_DEVICE_FAMILY = "1,2";
			};
			name = Release;
		};
/* End XCBuildConfiguration section */

/* Begin XCConfigurationList section */
		521B504D1FAA1D13001EFC52 /* Build configuration list for PBXProject "AnnotationOnAMap" */ = {
			isa = XCConfigurationList;
			buildConfigurations = (
				521B50621FAA1D13001EFC52 /* Debug */,
				521B50631FAA1D13001EFC52 /* Release */,
			);
			defaultConfigurationIsVisible = 0;
			defaultConfigurationName = Release;
		};
		521B50641FAA1D13001EFC52 /* Build configuration list for PBXNativeTarget "AnnotationOnAMap" */ = {
			isa = XCConfigurationList;
			buildConfigurations = (
				521B50651FAA1D13001EFC52 /* Debug */,
				521B50661FAA1D13001EFC52 /* Release */,
			);
			defaultConfigurationIsVisible = 0;
			defaultConfigurationName = Release;
		};
/* End XCConfigurationList section */
	};
	rootObject = 521B504A1FAA1D13001EFC52 /* Project object */;
}
