// !$*UTF8*$!
{
	archiveVersion = 1;
	classes = {
	};
	objectVersion = 48;
	objects = {

/* Begin PBXBuildFile section */
		524FAF031FBF27FA00BF8ABA /* AppDelegate.swift in Sources */ = {isa = PBXBuildFile; fileRef = 524FAF021FBF27FA00BF8ABA /* AppDelegate.swift */; };
		524FAF051FBF27FA00BF8ABA /* ViewController.swift in Sources */ = {isa = PBXBuildFile; fileRef = 524FAF041FBF27FA00BF8ABA /* ViewController.swift */; };
		524FAF081FBF27FA00BF8ABA /* Main.storyboard in Resources */ = {isa = PBXBuildFile; fileRef = 524FAF061FBF27FA00BF8ABA /* Main.storyboard */; };
		524FAF0A1FBF27FA00BF8ABA /* Assets.xcassets in Resources */ = {isa = PBXBuildFile; fileRef = 524FAF091FBF27FA00BF8ABA /* Assets.xcassets */; };
		524FAF0D1FBF27FA00BF8ABA /* LaunchScreen.storyboard in Resources */ = {isa = PBXBuildFile; fileRef = 524FAF0B1FBF27FA00BF8ABA /* LaunchScreen.storyboard */; };
/* End PBXBuildFile section */

/* Begin PBXFileReference section */
		524FAEFF1FBF27FA00BF8ABA /* StoreDataPermanently.app */ = {isa = PBXFileReference; explicitFileType = wrapper.application; includeInIndex = 0; path = StoreDataPermanently.app; sourceTree = BUILT_PRODUCTS_DIR; };
		524FAF021FBF27FA00BF8ABA /* AppDelegate.swift */ = {isa = PBXFileReference; lastKnownFileType = sourcecode.swift; path = AppDelegate.swift; sourceTree = "<group>"; };
		524FAF041FBF27FA00BF8ABA /* ViewController.swift */ = {isa = PBXFileReference; lastKnownFileType = sourcecode.swift; path = ViewController.swift; sourceTree = "<group>"; };
		524FAF071FBF27FA00BF8ABA /* Base */ = {isa = PBXFileReference; lastKnownFileType = file.storyboard; name = Base; path = Base.lproj/Main.storyboard; sourceTree = "<group>"; };
		524FAF091FBF27FA00BF8ABA /* Assets.xcassets */ = {isa = PBXFileReference; lastKnownFileType = folder.assetcatalog; path = Assets.xcassets; sourceTree = "<group>"; };
		524FAF0C1FBF27FA00BF8ABA /* Base */ = {isa = PBXFileReference; lastKnownFileType = file.storyboard; name = Base; path = Base.lproj/LaunchScreen.storyboard; sourceTree = "<group>"; };
		524FAF0E1FBF27FA00BF8ABA /* Info.plist */ = {isa = PBXFileReference; lastKnownFileType = text.plist.xml; path = Info.plist; sourceTree = "<group>"; };
/* End PBXFileReference section */

/* Begin PBXFrameworksBuildPhase section */
		524FAEFC1FBF27FA00BF8ABA /* Frameworks */ = {
			isa = PBXFrameworksBuildPhase;
			buildActionMask = 2147483647;
			files = (
			);
			runOnlyForDeploymentPostprocessing = 0;
		};
/* End PBXFrameworksBuildPhase section */

/* Begin PBXGroup section */
		524FAEF61FBF27FA00BF8ABA = {
			isa = PBXGroup;
			children = (
				524FAF011FBF27FA00BF8ABA /* StoreDataPermanently */,
				524FAF001FBF27FA00BF8ABA /* Products */,
			);
			sourceTree = "<group>";
		};
		524FAF001FBF27FA00BF8ABA /* Products */ = {
			isa = PBXGroup;
			children = (
				524FAEFF1FBF27FA00BF8ABA /* StoreDataPermanently.app */,
			);
			name = Products;
			sourceTree = "<group>";
		};
		524FAF011FBF27FA00BF8ABA /* StoreDataPermanently */ = {
			isa = PBXGroup;
			children = (
				52CAD6D81FBF291500455A9D /* Storyboards */,
				52CAD6D71FBF28EE00455A9D /* Supporting files */,
				524FAF041FBF27FA00BF8ABA /* ViewController.swift */,
				524FAF0E1FBF27FA00BF8ABA /* Info.plist */,
			);
			path = StoreDataPermanently;
			sourceTree = "<group>";
		};
		52CAD6D71FBF28EE00455A9D /* Supporting files */ = {
			isa = PBXGroup;
			children = (
				524FAF021FBF27FA00BF8ABA /* AppDelegate.swift */,
				524FAF091FBF27FA00BF8ABA /* Assets.xcassets */,
				524FAF0B1FBF27FA00BF8ABA /* LaunchScreen.storyboard */,
			);
			path = "Supporting files";
			sourceTree = "<group>";
		};
		52CAD6D81FBF291500455A9D /* Storyboards */ = {
			isa = PBXGroup;
			children = (
				524FAF061FBF27FA00BF8ABA /* Main.storyboard */,
			);
			path = Storyboards;
			sourceTree = "<group>";
		};
/* End PBXGroup section */

/* Begin PBXNativeTarget section */
		524FAEFE1FBF27FA00BF8ABA /* StoreDataPermanently */ = {
			isa = PBXNativeTarget;
			buildConfigurationList = 524FAF111FBF27FA00BF8ABA /* Build configuration list for PBXNativeTarget "StoreDataPermanently" */;
			buildPhases = (
				524FAEFB1FBF27FA00BF8ABA /* Sources */,
				524FAEFC1FBF27FA00BF8ABA /* Frameworks */,
				524FAEFD1FBF27FA00BF8ABA /* Resources */,
			);
			buildRules = (
			);
			dependencies = (
			);
			name = StoreDataPermanently;
			productName = StoreDataPermanently;
			productReference = 524FAEFF1FBF27FA00BF8ABA /* StoreDataPermanently.app */;
			productType = "com.apple.product-type.application";
		};
/* End PBXNativeTarget section */

/* Begin PBXProject section */
		524FAEF71FBF27FA00BF8ABA /* Project object */ = {
			isa = PBXProject;
			attributes = {
				LastSwiftUpdateCheck = 0910;
				LastUpgradeCheck = 0910;
				ORGANIZATIONNAME = John;
				TargetAttributes = {
					524FAEFE1FBF27FA00BF8ABA = {
						CreatedOnToolsVersion = 9.1;
						ProvisioningStyle = Automatic;
					};
				};
			};
			buildConfigurationList = 524FAEFA1FBF27FA00BF8ABA /* Build configuration list for PBXProject "StoreDataPermanently" */;
			compatibilityVersion = "Xcode 8.0";
			developmentRegion = en;
			hasScannedForEncodings = 0;
			knownRegions = (
				en,
				Base,
			);
			mainGroup = 524FAEF61FBF27FA00BF8ABA;
			productRefGroup = 524FAF001FBF27FA00BF8ABA /* Products */;
			projectDirPath = "";
			projectRoot = "";
			targets = (
				524FAEFE1FBF27FA00BF8ABA /* StoreDataPermanently */,
			);
		};
/* End PBXProject section */

/* Begin PBXResourcesBuildPhase section */
		524FAEFD1FBF27FA00BF8ABA /* Resources */ = {
			isa = PBXResourcesBuildPhase;
			buildActionMask = 2147483647;
			files = (
				524FAF0D1FBF27FA00BF8ABA /* LaunchScreen.storyboard in Resources */,
				524FAF0A1FBF27FA00BF8ABA /* Assets.xcassets in Resources */,
				524FAF081FBF27FA00BF8ABA /* Main.storyboard in Resources */,
			);
			runOnlyForDeploymentPostprocessing = 0;
		};
/* End PBXResourcesBuildPhase section */

/* Begin PBXSourcesBuildPhase section */
		524FAEFB1FBF27FA00BF8ABA /* Sources */ = {
			isa = PBXSourcesBuildPhase;
			buildActionMask = 2147483647;
			files = (
				524FAF051FBF27FA00BF8ABA /* ViewController.swift in Sources */,
				524FAF031FBF27FA00BF8ABA /* AppDelegate.swift in Sources */,
			);
			runOnlyForDeploymentPostprocessing = 0;
		};
/* End PBXSourcesBuildPhase section */

/* Begin PBXVariantGroup section */
		524FAF061FBF27FA00BF8ABA /* Main.storyboard */ = {
			isa = PBXVariantGroup;
			children = (
				524FAF071FBF27FA00BF8ABA /* Base */,
			);
			name = Main.storyboard;
			sourceTree = "<group>";
		};
		524FAF0B1FBF27FA00BF8ABA /* LaunchScreen.storyboard */ = {
			isa = PBXVariantGroup;
			children = (
				524FAF0C1FBF27FA00BF8ABA /* Base */,
			);
			name = LaunchScreen.storyboard;
			sourceTree = "<group>";
		};
/* End PBXVariantGroup section */

/* Begin XCBuildConfiguration section */
		524FAF0F1FBF27FA00BF8ABA /* Debug */ = {
			isa = XCBuildConfiguration;
			buildSettings = {
				ALWAYS_SEARCH_USER_PATHS = NO;
				CLANG_ANALYZER_NONNULL = YES;
				CLANG_ANALYZER_NUMBER_OBJECT_CONVERSION = YES_AGGRESSIVE;
				CLANG_CXX_LANGUAGE_STANDARD = "gnu++14";
				CLANG_CXX_LIBRARY = "libc++";
				CLANG_ENABLE_MODULES = YES;
				CLANG_ENABLE_OBJC_ARC = YES;
				CLANG_WARN_BLOCK_CAPTURE_AUTORELEASING = YES;
				CLANG_WARN_BOOL_CONVERSION = YES;
				CLANG_WARN_COMMA = YES;
				CLANG_WARN_CONSTANT_CONVERSION = YES;
				CLANG_WARN_DIRECT_OBJC_ISA_USAGE = YES_ERROR;
				CLANG_WARN_DOCUMENTATION_COMMENTS = YES;
				CLANG_WARN_EMPTY_BODY = YES;
				CLANG_WARN_ENUM_CONVERSION = YES;
				CLANG_WARN_INFINITE_RECURSION = YES;
				CLANG_WARN_INT_CONVERSION = YES;
				CLANG_WARN_NON_LITERAL_NULL_CONVERSION = YES;
				CLANG_WARN_OBJC_LITERAL_CONVERSION = YES;
				CLANG_WARN_OBJC_ROOT_CLASS = YES_ERROR;
				CLANG_WARN_RANGE_LOOP_ANALYSIS = YES;
				CLANG_WARN_STRICT_PROTOTYPES = YES;
				CLANG_WARN_SUSPICIOUS_MOVE = YES;
				CLANG_WARN_UNGUARDED_AVAILABILITY = YES_AGGRESSIVE;
				CLANG_WARN_UNREACHABLE_CODE = YES;
				CLANG_WARN__DUPLICATE_METHOD_MATCH = YES;
				CODE_SIGN_IDENTITY = "iPhone Developer";
				COPY_PHASE_STRIP = NO;
				DEBUG_INFORMATION_FORMAT = dwarf;
				ENABLE_STRICT_OBJC_MSGSEND = YES;
				ENABLE_TESTABILITY = YES;
				GCC_C_LANGUAGE_STANDARD = gnu11;
				GCC_DYNAMIC_NO_PIC = NO;
				GCC_NO_COMMON_BLOCKS = YES;
				GCC_OPTIMIZATION_LEVEL = 0;
				GCC_PREPROCESSOR_DEFINITIONS = (
					"DEBUG=1",
					"$(inherited)",
				);
				GCC_WARN_64_TO_32_BIT_CONVERSION = YES;
				GCC_WARN_ABOUT_RETURN_TYPE = YES_ERROR;
				GCC_WARN_UNDECLARED_SELECTOR = YES;
				GCC_WARN_UNINITIALIZED_AUTOS = YES_AGGRESSIVE;
				GCC_WARN_UNUSED_FUNCTION = YES;
				GCC_WARN_UNUSED_VARIABLE = YES;
				IPHONEOS_DEPLOYMENT_TARGET = 11.1;
				MTL_ENABLE_DEBUG_INFO = YES;
				ONLY_ACTIVE_ARCH = YES;
				SDKROOT = iphoneos;
				SWIFT_ACTIVE_COMPILATION_CONDITIONS = DEBUG;
				SWIFT_OPTIMIZATION_LEVEL = "-Onone";
			};
			name = Debug;
		};
		524FAF101FBF27FA00BF8ABA /* Release */ = {
			isa = XCBuildConfiguration;
			buildSettings = {
				ALWAYS_SEARCH_USER_PATHS = NO;
				CLANG_ANALYZER_NONNULL = YES;
				CLANG_ANALYZER_NUMBER_OBJECT_CONVERSION = YES_AGGRESSIVE;
				CLANG_CXX_LANGUAGE_STANDARD = "gnu++14";
				CLANG_CXX_LIBRARY = "libc++";
				CLANG_ENABLE_MODULES = YES;
				CLANG_ENABLE_OBJC_ARC = YES;
				CLANG_WARN_BLOCK_CAPTURE_AUTORELEASING = YES;
				CLANG_WARN_BOOL_CONVERSION = YES;
				CLANG_WARN_COMMA = YES;
				CLANG_WARN_CONSTANT_CONVERSION = YES;
				CLANG_WARN_DIRECT_OBJC_ISA_USAGE = YES_ERROR;
				CLANG_WARN_DOCUMENTATION_COMMENTS = YES;
				CLANG_WARN_EMPTY_BODY = YES;
				CLANG_WARN_ENUM_CONVERSION = YES;
				CLANG_WARN_INFINITE_RECURSION = YES;
				CLANG_WARN_INT_CONVERSION = YES;
				CLANG_WARN_NON_LITERAL_NULL_CONVERSION = YES;
				CLANG_WARN_OBJC_LITERAL_CONVERSION = YES;
				CLANG_WARN_OBJC_ROOT_CLASS = YES_ERROR;
				CLANG_WARN_RANGE_LOOP_ANALYSIS = YES;
				CLANG_WARN_STRICT_PROTOTYPES = YES;
				CLANG_WARN_SUSPICIOUS_MOVE = YES;
				CLANG_WARN_UNGUARDED_AVAILABILITY = YES_AGGRESSIVE;
				CLANG_WARN_UNREACHABLE_CODE = YES;
				CLANG_WARN__DUPLICATE_METHOD_MATCH = YES;
				CODE_SIGN_IDENTITY = "iPhone Developer";
				COPY_PHASE_STRIP = NO;
				DEBUG_INFORMATION_FORMAT = "dwarf-with-dsym";
				ENABLE_NS_ASSERTIONS = NO;
				ENABLE_STRICT_OBJC_MSGSEND = YES;
				GCC_C_LANGUAGE_STANDARD = gnu11;
				GCC_NO_COMMON_BLOCKS = YES;
				GCC_WARN_64_TO_32_BIT_CONVERSION = YES;
				GCC_WARN_ABOUT_RETURN_TYPE = YES_ERROR;
				GCC_WARN_UNDECLARED_SELECTOR = YES;
				GCC_WARN_UNINITIALIZED_AUTOS = YES_AGGRESSIVE;
				GCC_WARN_UNUSED_FUNCTION = YES;
				GCC_WARN_UNUSED_VARIABLE = YES;
				IPHONEOS_DEPLOYMENT_TARGET = 11.1;
				MTL_ENABLE_DEBUG_INFO = NO;
				SDKROOT = iphoneos;
				SWIFT_OPTIMIZATION_LEVEL = "-Owholemodule";
				VALIDATE_PRODUCT = YES;
			};
			name = Release;
		};
		524FAF121FBF27FA00BF8ABA /* Debug */ = {
			isa = XCBuildConfiguration;
			buildSettings = {
				ASSETCATALOG_COMPILER_APPICON_NAME = AppIcon;
				CODE_SIGN_STYLE = Automatic;
				DEVELOPMENT_TEAM = DJ7KXY394U;
				INFOPLIST_FILE = StoreDataPermanently/Info.plist;
				LD_RUNPATH_SEARCH_PATHS = "$(inherited) @executable_path/Frameworks";
				PRODUCT_BUNDLE_IDENTIFIER = com.John.StoreDataPermanently;
				PRODUCT_NAME = "$(TARGET_NAME)";
				SWIFT_VERSION = 4.0;
				TARGETED_DEVICE_FAMILY = "1,2";
			};
			name = Debug;
		};
		524FAF131FBF27FA00BF8ABA /* Release */ = {
			isa = XCBuildConfiguration;
			buildSettings = {
				ASSETCATALOG_COMPILER_APPICON_NAME = AppIcon;
				CODE_SIGN_STYLE = Automatic;
				DEVELOPMENT_TEAM = DJ7KXY394U;
				INFOPLIST_FILE = StoreDataPermanently/Info.plist;
				LD_RUNPATH_SEARCH_PATHS = "$(inherited) @executable_path/Frameworks";
				PRODUCT_BUNDLE_IDENTIFIER = com.John.StoreDataPermanently;
				PRODUCT_NAME = "$(TARGET_NAME)";
				SWIFT_VERSION = 4.0;
				TARGETED_DEVICE_FAMILY = "1,2";
			};
			name = Release;
		};
/* End XCBuildConfiguration section */

/* Begin XCConfigurationList section */
		524FAEFA1FBF27FA00BF8ABA /* Build configuration list for PBXProject "StoreDataPermanently" */ = {
			isa = XCConfigurationList;
			buildConfigurations = (
				524FAF0F1FBF27FA00BF8ABA /* Debug */,
				524FAF101FBF27FA00BF8ABA /* Release */,
			);
			defaultConfigurationIsVisible = 0;
			defaultConfigurationName = Release;
		};
		524FAF111FBF27FA00BF8ABA /* Build configuration list for PBXNativeTarget "StoreDataPermanently" */ = {
			isa = XCConfigurationList;
			buildConfigurations = (
				524FAF121FBF27FA00BF8ABA /* Debug */,
				524FAF131FBF27FA00BF8ABA /* Release */,
			);
			defaultConfigurationIsVisible = 0;
			defaultConfigurationName = Release;
		};
/* End XCConfigurationList section */
	};
	rootObject = 524FAEF71FBF27FA00BF8ABA /* Project object */;
}
