// !$*UTF8*$!
{
	archiveVersion = 1;
	classes = {
	};
	objectVersion = 46;
	objects = {

/* Begin PBXBuildFile section */
		525DDB961F7112C400ECDF0F /* AppDelegate.swift in Sources */ = {isa = PBXBuildFile; fileRef = 525DDB951F7112C400ECDF0F /* AppDelegate.swift */; };
		525DDB981F7112C400ECDF0F /* ViewController.swift in Sources */ = {isa = PBXBuildFile; fileRef = 525DDB971F7112C400ECDF0F /* ViewController.swift */; };
		525DDB9B1F7112C400ECDF0F /* Main.storyboard in Resources */ = {isa = PBXBuildFile; fileRef = 525DDB991F7112C400ECDF0F /* Main.storyboard */; };
		525DDB9D1F7112C400ECDF0F /* Assets.xcassets in Resources */ = {isa = PBXBuildFile; fileRef = 525DDB9C1F7112C400ECDF0F /* Assets.xcassets */; };
		525DDBA01F7112C400ECDF0F /* LaunchScreen.storyboard in Resources */ = {isa = PBXBuildFile; fileRef = 525DDB9E1F7112C400ECDF0F /* LaunchScreen.storyboard */; };
/* End PBXBuildFile section */

/* Begin PBXFileReference section */
		525DDB921F7112C400ECDF0F /* StackViewDemo.app */ = {isa = PBXFileReference; explicitFileType = wrapper.application; includeInIndex = 0; path = StackViewDemo.app; sourceTree = BUILT_PRODUCTS_DIR; };
		525DDB951F7112C400ECDF0F /* AppDelegate.swift */ = {isa = PBXFileReference; lastKnownFileType = sourcecode.swift; path = AppDelegate.swift; sourceTree = "<group>"; };
		525DDB971F7112C400ECDF0F /* ViewController.swift */ = {isa = PBXFileReference; lastKnownFileType = sourcecode.swift; path = ViewController.swift; sourceTree = "<group>"; };
		525DDB9A1F7112C400ECDF0F /* Base */ = {isa = PBXFileReference; lastKnownFileType = file.storyboard; name = Base; path = Base.lproj/Main.storyboard; sourceTree = "<group>"; };
		525DDB9C1F7112C400ECDF0F /* Assets.xcassets */ = {isa = PBXFileReference; lastKnownFileType = folder.assetcatalog; path = Assets.xcassets; sourceTree = "<group>"; };
		525DDB9F1F7112C400ECDF0F /* Base */ = {isa = PBXFileReference; lastKnownFileType = file.storyboard; name = Base; path = Base.lproj/LaunchScreen.storyboard; sourceTree = "<group>"; };
		525DDBA11F7112C400ECDF0F /* Info.plist */ = {isa = PBXFileReference; lastKnownFileType = text.plist.xml; path = Info.plist; sourceTree = "<group>"; };
/* End PBXFileReference section */

/* Begin PBXFrameworksBuildPhase section */
		525DDB8F1F7112C400ECDF0F /* Frameworks */ = {
			isa = PBXFrameworksBuildPhase;
			buildActionMask = 2147483647;
			files = (
			);
			runOnlyForDeploymentPostprocessing = 0;
		};
/* End PBXFrameworksBuildPhase section */

/* Begin PBXGroup section */
		525DDB891F7112C400ECDF0F = {
			isa = PBXGroup;
			children = (
				525DDB941F7112C400ECDF0F /* StackViewDemo */,
				525DDB931F7112C400ECDF0F /* Products */,
			);
			sourceTree = "<group>";
		};
		525DDB931F7112C400ECDF0F /* Products */ = {
			isa = PBXGroup;
			children = (
				525DDB921F7112C400ECDF0F /* StackViewDemo.app */,
			);
			name = Products;
			sourceTree = "<group>";
		};
		525DDB941F7112C400ECDF0F /* StackViewDemo */ = {
			isa = PBXGroup;
			children = (
				529BE15A1F71146500CC2FD2 /* Storyboards */,
				529BE1591F71141400CC2FD2 /* Supporting files */,
				525DDB971F7112C400ECDF0F /* ViewController.swift */,
			);
			path = StackViewDemo;
			sourceTree = "<group>";
		};
		529BE1591F71141400CC2FD2 /* Supporting files */ = {
			isa = PBXGroup;
			children = (
				525DDB951F7112C400ECDF0F /* AppDelegate.swift */,
				525DDB9C1F7112C400ECDF0F /* Assets.xcassets */,
				525DDB9E1F7112C400ECDF0F /* LaunchScreen.storyboard */,
				525DDBA11F7112C400ECDF0F /* Info.plist */,
			);
			name = "Supporting files";
			sourceTree = "<group>";
		};
		529BE15A1F71146500CC2FD2 /* Storyboards */ = {
			isa = PBXGroup;
			children = (
				525DDB991F7112C400ECDF0F /* Main.storyboard */,
			);
			name = Storyboards;
			sourceTree = "<group>";
		};
/* End PBXGroup section */

/* Begin PBXNativeTarget section */
		525DDB911F7112C400ECDF0F /* StackViewDemo */ = {
			isa = PBXNativeTarget;
			buildConfigurationList = 525DDBA41F7112C400ECDF0F /* Build configuration list for PBXNativeTarget "StackViewDemo" */;
			buildPhases = (
				525DDB8E1F7112C400ECDF0F /* Sources */,
				525DDB8F1F7112C400ECDF0F /* Frameworks */,
				525DDB901F7112C400ECDF0F /* Resources */,
			);
			buildRules = (
			);
			dependencies = (
			);
			name = StackViewDemo;
			productName = StackViewDemo;
			productReference = 525DDB921F7112C400ECDF0F /* StackViewDemo.app */;
			productType = "com.apple.product-type.application";
		};
/* End PBXNativeTarget section */

/* Begin PBXProject section */
		525DDB8A1F7112C400ECDF0F /* Project object */ = {
			isa = PBXProject;
			attributes = {
				LastSwiftUpdateCheck = 0830;
				LastUpgradeCheck = 0830;
				ORGANIZATIONNAME = John;
				TargetAttributes = {
					525DDB911F7112C400ECDF0F = {
						CreatedOnToolsVersion = 8.3.3;
						DevelopmentTeam = DJ7KXY394U;
						ProvisioningStyle = Automatic;
					};
				};
			};
			buildConfigurationList = 525DDB8D1F7112C400ECDF0F /* Build configuration list for PBXProject "StackViewDemo" */;
			compatibilityVersion = "Xcode 3.2";
			developmentRegion = English;
			hasScannedForEncodings = 0;
			knownRegions = (
				en,
				Base,
			);
			mainGroup = 525DDB891F7112C400ECDF0F;
			productRefGroup = 525DDB931F7112C400ECDF0F /* Products */;
			projectDirPath = "";
			projectRoot = "";
			targets = (
				525DDB911F7112C400ECDF0F /* StackViewDemo */,
			);
		};
/* End PBXProject section */

/* Begin PBXResourcesBuildPhase section */
		525DDB901F7112C400ECDF0F /* Resources */ = {
			isa = PBXResourcesBuildPhase;
			buildActionMask = 2147483647;
			files = (
				525DDBA01F7112C400ECDF0F /* LaunchScreen.storyboard in Resources */,
				525DDB9D1F7112C400ECDF0F /* Assets.xcassets in Resources */,
				525DDB9B1F7112C400ECDF0F /* Main.storyboard in Resources */,
			);
			runOnlyForDeploymentPostprocessing = 0;
		};
/* End PBXResourcesBuildPhase section */

/* Begin PBXSourcesBuildPhase section */
		525DDB8E1F7112C400ECDF0F /* Sources */ = {
			isa = PBXSourcesBuildPhase;
			buildActionMask = 2147483647;
			files = (
				525DDB981F7112C400ECDF0F /* ViewController.swift in Sources */,
				525DDB961F7112C400ECDF0F /* AppDelegate.swift in Sources */,
			);
			runOnlyForDeploymentPostprocessing = 0;
		};
/* End PBXSourcesBuildPhase section */

/* Begin PBXVariantGroup section */
		525DDB991F7112C400ECDF0F /* Main.storyboard */ = {
			isa = PBXVariantGroup;
			children = (
				525DDB9A1F7112C400ECDF0F /* Base */,
			);
			name = Main.storyboard;
			sourceTree = "<group>";
		};
		525DDB9E1F7112C400ECDF0F /* LaunchScreen.storyboard */ = {
			isa = PBXVariantGroup;
			children = (
				525DDB9F1F7112C400ECDF0F /* Base */,
			);
			name = LaunchScreen.storyboard;
			sourceTree = "<group>";
		};
/* End PBXVariantGroup section */

/* Begin XCBuildConfiguration section */
		525DDBA21F7112C400ECDF0F /* Debug */ = {
			isa = XCBuildConfiguration;
			buildSettings = {
				ALWAYS_SEARCH_USER_PATHS = NO;
				CLANG_ANALYZER_NONNULL = YES;
				CLANG_ANALYZER_NUMBER_OBJECT_CONVERSION = YES_AGGRESSIVE;
				CLANG_CXX_LANGUAGE_STANDARD = "gnu++0x";
				CLANG_CXX_LIBRARY = "libc++";
				CLANG_ENABLE_MODULES = YES;
				CLANG_ENABLE_OBJC_ARC = YES;
				CLANG_WARN_BOOL_CONVERSION = YES;
				CLANG_WARN_CONSTANT_CONVERSION = YES;
				CLANG_WARN_DIRECT_OBJC_ISA_USAGE = YES_ERROR;
				CLANG_WARN_DOCUMENTATION_COMMENTS = YES;
				CLANG_WARN_EMPTY_BODY = YES;
				CLANG_WARN_ENUM_CONVERSION = YES;
				CLANG_WARN_INFINITE_RECURSION = YES;
				CLANG_WARN_INT_CONVERSION = YES;
				CLANG_WARN_OBJC_ROOT_CLASS = YES_ERROR;
				CLANG_WARN_SUSPICIOUS_MOVE = YES;
				CLANG_WARN_UNREACHABLE_CODE = YES;
				CLANG_WARN__DUPLICATE_METHOD_MATCH = YES;
				"CODE_SIGN_IDENTITY[sdk=iphoneos*]" = "iPhone Developer";
				COPY_PHASE_STRIP = NO;
				DEBUG_INFORMATION_FORMAT = dwarf;
				ENABLE_STRICT_OBJC_MSGSEND = YES;
				ENABLE_TESTABILITY = YES;
				GCC_C_LANGUAGE_STANDARD = gnu99;
				GCC_DYNAMIC_NO_PIC = NO;
				GCC_NO_COMMON_BLOCKS = YES;
				GCC_OPTIMIZATION_LEVEL = 0;
				GCC_PREPROCESSOR_DEFINITIONS = (
					"DEBUG=1",
					"$(inherited)",
				);
				GCC_WARN_64_TO_32_BIT_CONVERSION = YES;
				GCC_WARN_ABOUT_RETURN_TYPE = YES_ERROR;
				GCC_WARN_UNDECLARED_SELECTOR = YES;
				GCC_WARN_UNINITIALIZED_AUTOS = YES_AGGRESSIVE;
				GCC_WARN_UNUSED_FUNCTION = YES;
				GCC_WARN_UNUSED_VARIABLE = YES;
				IPHONEOS_DEPLOYMENT_TARGET = 10.3;
				MTL_ENABLE_DEBUG_INFO = YES;
				ONLY_ACTIVE_ARCH = YES;
				SDKROOT = iphoneos;
				SWIFT_ACTIVE_COMPILATION_CONDITIONS = DEBUG;
				SWIFT_OPTIMIZATION_LEVEL = "-Onone";
				TARGETED_DEVICE_FAMILY = "1,2";
			};
			name = Debug;
		};
		525DDBA31F7112C400ECDF0F /* Release */ = {
			isa = XCBuildConfiguration;
			buildSettings = {
				ALWAYS_SEARCH_USER_PATHS = NO;
				CLANG_ANALYZER_NONNULL = YES;
				CLANG_ANALYZER_NUMBER_OBJECT_CONVERSION = YES_AGGRESSIVE;
				CLANG_CXX_LANGUAGE_STANDARD = "gnu++0x";
				CLANG_CXX_LIBRARY = "libc++";
				CLANG_ENABLE_MODULES = YES;
				CLANG_ENABLE_OBJC_ARC = YES;
				CLANG_WARN_BOOL_CONVERSION = YES;
				CLANG_WARN_CONSTANT_CONVERSION = YES;
				CLANG_WARN_DIRECT_OBJC_ISA_USAGE = YES_ERROR;
				CLANG_WARN_DOCUMENTATION_COMMENTS = YES;
				CLANG_WARN_EMPTY_BODY = YES;
				CLANG_WARN_ENUM_CONVERSION = YES;
				CLANG_WARN_INFINITE_RECURSION = YES;
				CLANG_WARN_INT_CONVERSION = YES;
				CLANG_WARN_OBJC_ROOT_CLASS = YES_ERROR;
				CLANG_WARN_SUSPICIOUS_MOVE = YES;
				CLANG_WARN_UNREACHABLE_CODE = YES;
				CLANG_WARN__DUPLICATE_METHOD_MATCH = YES;
				"CODE_SIGN_IDENTITY[sdk=iphoneos*]" = "iPhone Developer";
				COPY_PHASE_STRIP = NO;
				DEBUG_INFORMATION_FORMAT = "dwarf-with-dsym";
				ENABLE_NS_ASSERTIONS = NO;
				ENABLE_STRICT_OBJC_MSGSEND = YES;
				GCC_C_LANGUAGE_STANDARD = gnu99;
				GCC_NO_COMMON_BLOCKS = YES;
				GCC_WARN_64_TO_32_BIT_CONVERSION = YES;
				GCC_WARN_ABOUT_RETURN_TYPE = YES_ERROR;
				GCC_WARN_UNDECLARED_SELECTOR = YES;
				GCC_WARN_UNINITIALIZED_AUTOS = YES_AGGRESSIVE;
				GCC_WARN_UNUSED_FUNCTION = YES;
				GCC_WARN_UNUSED_VARIABLE = YES;
				IPHONEOS_DEPLOYMENT_TARGET = 10.3;
				MTL_ENABLE_DEBUG_INFO = NO;
				SDKROOT = iphoneos;
				SWIFT_OPTIMIZATION_LEVEL = "-Owholemodule";
				TARGETED_DEVICE_FAMILY = "1,2";
				VALIDATE_PRODUCT = YES;
			};
			name = Release;
		};
		525DDBA51F7112C400ECDF0F /* Debug */ = {
			isa = XCBuildConfiguration;
			buildSettings = {
				ASSETCATALOG_COMPILER_APPICON_NAME = AppIcon;
				DEVELOPMENT_TEAM = DJ7KXY394U;
				INFOPLIST_FILE = StackViewDemo/Info.plist;
				LD_RUNPATH_SEARCH_PATHS = "$(inherited) @executable_path/Frameworks";
				PRODUCT_BUNDLE_IDENTIFIER = com.John.StackViewDemo;
				PRODUCT_NAME = "$(TARGET_NAME)";
				SWIFT_VERSION = 3.0;
			};
			name = Debug;
		};
		525DDBA61F7112C400ECDF0F /* Release */ = {
			isa = XCBuildConfiguration;
			buildSettings = {
				ASSETCATALOG_COMPILER_APPICON_NAME = AppIcon;
				DEVELOPMENT_TEAM = DJ7KXY394U;
				INFOPLIST_FILE = StackViewDemo/Info.plist;
				LD_RUNPATH_SEARCH_PATHS = "$(inherited) @executable_path/Frameworks";
				PRODUCT_BUNDLE_IDENTIFIER = com.John.StackViewDemo;
				PRODUCT_NAME = "$(TARGET_NAME)";
				SWIFT_VERSION = 3.0;
			};
			name = Release;
		};
/* End XCBuildConfiguration section */

/* Begin XCConfigurationList section */
		525DDB8D1F7112C400ECDF0F /* Build configuration list for PBXProject "StackViewDemo" */ = {
			isa = XCConfigurationList;
			buildConfigurations = (
				525DDBA21F7112C400ECDF0F /* Debug */,
				525DDBA31F7112C400ECDF0F /* Release */,
			);
			defaultConfigurationIsVisible = 0;
			defaultConfigurationName = Release;
		};
		525DDBA41F7112C400ECDF0F /* Build configuration list for PBXNativeTarget "StackViewDemo" */ = {
			isa = XCConfigurationList;
			buildConfigurations = (
				525DDBA51F7112C400ECDF0F /* Debug */,
				525DDBA61F7112C400ECDF0F /* Release */,
			);
			defaultConfigurationIsVisible = 0;
			defaultConfigurationName = Release;
		};
/* End XCConfigurationList section */
	};
	rootObject = 525DDB8A1F7112C400ECDF0F /* Project object */;
}
